// !$*UTF8*$!
{
	archiveVersion = 1;
	classes = {
	};
	objectVersion = 46;
	objects = {

/* Begin PBXBuildFile section */
		8EE20F1D1CD1D7CB0036D2B9 /* AppDelegate.swift in Sources */ = {isa = PBXBuildFile; fileRef = 8EE20F1C1CD1D7CB0036D2B9 /* AppDelegate.swift */; };
		8EE20F1F1CD1D7CB0036D2B9 /* ViewController.swift in Sources */ = {isa = PBXBuildFile; fileRef = 8EE20F1E1CD1D7CB0036D2B9 /* ViewController.swift */; };
		8EE20F221CD1D7CB0036D2B9 /* Main.storyboard in Resources */ = {isa = PBXBuildFile; fileRef = 8EE20F201CD1D7CB0036D2B9 /* Main.storyboard */; };
		8EE20F241CD1D7CB0036D2B9 /* Assets.xcassets in Resources */ = {isa = PBXBuildFile; fileRef = 8EE20F231CD1D7CB0036D2B9 /* Assets.xcassets */; };
		8EE20F271CD1D7CB0036D2B9 /* LaunchScreen.storyboard in Resources */ = {isa = PBXBuildFile; fileRef = 8EE20F251CD1D7CB0036D2B9 /* LaunchScreen.storyboard */; };
/* End PBXBuildFile section */

/* Begin PBXFileReference section */
		8EE20F191CD1D7CB0036D2B9 /* Sample-Binding.app */ = {isa = PBXFileReference; explicitFileType = wrapper.application; includeInIndex = 0; path = "Sample-Binding.app"; sourceTree = BUILT_PRODUCTS_DIR; };
		8EE20F1C1CD1D7CB0036D2B9 /* AppDelegate.swift */ = {isa = PBXFileReference; lastKnownFileType = sourcecode.swift; path = AppDelegate.swift; sourceTree = "<group>"; };
		8EE20F1E1CD1D7CB0036D2B9 /* ViewController.swift */ = {isa = PBXFileReference; lastKnownFileType = sourcecode.swift; path = ViewController.swift; sourceTree = "<group>"; };
		8EE20F211CD1D7CB0036D2B9 /* Base */ = {isa = PBXFileReference; lastKnownFileType = file.storyboard; name = Base; path = Base.lproj/Main.storyboard; sourceTree = "<group>"; };
		8EE20F231CD1D7CB0036D2B9 /* Assets.xcassets */ = {isa = PBXFileReference; lastKnownFileType = folder.assetcatalog; path = Assets.xcassets; sourceTree = "<group>"; };
		8EE20F261CD1D7CB0036D2B9 /* Base */ = {isa = PBXFileReference; lastKnownFileType = file.storyboard; name = Base; path = Base.lproj/LaunchScreen.storyboard; sourceTree = "<group>"; };
		8EE20F281CD1D7CB0036D2B9 /* Info.plist */ = {isa = PBXFileReference; lastKnownFileType = text.plist.xml; path = Info.plist; sourceTree = "<group>"; };
/* End PBXFileReference section */

/* Begin PBXFrameworksBuildPhase section */
		8EE20F161CD1D7CB0036D2B9 /* Frameworks */ = {
			isa = PBXFrameworksBuildPhase;
			buildActionMask = 2147483647;
			files = (
			);
			runOnlyForDeploymentPostprocessing = 0;
		};
/* End PBXFrameworksBuildPhase section */

/* Begin PBXGroup section */
		8EE20F101CD1D7CB0036D2B9 = {
			isa = PBXGroup;
			children = (
				8EE20F1B1CD1D7CB0036D2B9 /* Sample-Binding */,
				8EE20F1A1CD1D7CB0036D2B9 /* Products */,
			);
			sourceTree = "<group>";
		};
		8EE20F1A1CD1D7CB0036D2B9 /* Products */ = {
			isa = PBXGroup;
			children = (
				8EE20F191CD1D7CB0036D2B9 /* Sample-Binding.app */,
			);
			name = Products;
			sourceTree = "<group>";
		};
		8EE20F1B1CD1D7CB0036D2B9 /* Sample-Binding */ = {
			isa = PBXGroup;
			children = (
				8EE20F1C1CD1D7CB0036D2B9 /* AppDelegate.swift */,
				8EE20F1E1CD1D7CB0036D2B9 /* ViewController.swift */,
				8EE20F201CD1D7CB0036D2B9 /* Main.storyboard */,
				8EE20F231CD1D7CB0036D2B9 /* Assets.xcassets */,
				8EE20F251CD1D7CB0036D2B9 /* LaunchScreen.storyboard */,
				8EE20F281CD1D7CB0036D2B9 /* Info.plist */,
			);
			path = "Sample-Binding";
			sourceTree = "<group>";
		};
/* End PBXGroup section */

/* Begin PBXNativeTarget section */
		8EE20F181CD1D7CB0036D2B9 /* Sample-Binding */ = {
			isa = PBXNativeTarget;
			buildConfigurationList = 8EE20F2B1CD1D7CB0036D2B9 /* Build configuration list for PBXNativeTarget "Sample-Binding" */;
			buildPhases = (
				8EE20F151CD1D7CB0036D2B9 /* Sources */,
				8EE20F161CD1D7CB0036D2B9 /* Frameworks */,
				8EE20F171CD1D7CB0036D2B9 /* Resources */,
			);
			buildRules = (
			);
			dependencies = (
			);
			name = "Sample-Binding";
			productName = "Sample-Binding";
			productReference = 8EE20F191CD1D7CB0036D2B9 /* Sample-Binding.app */;
			productType = "com.apple.product-type.application";
		};
/* End PBXNativeTarget section */

/* Begin PBXProject section */
		8EE20F111CD1D7CB0036D2B9 /* Project object */ = {
			isa = PBXProject;
			attributes = {
				LastSwiftUpdateCheck = 0730;
				LastUpgradeCheck = 0730;
				ORGANIZATIONNAME = "Technophile IT";
				TargetAttributes = {
					8EE20F181CD1D7CB0036D2B9 = {
						CreatedOnToolsVersion = 7.3;
					};
				};
			};
			buildConfigurationList = 8EE20F141CD1D7CB0036D2B9 /* Build configuration list for PBXProject "Sample-Binding" */;
			compatibilityVersion = "Xcode 3.2";
			developmentRegion = English;
			hasScannedForEncodings = 0;
			knownRegions = (
				en,
				Base,
			);
			mainGroup = 8EE20F101CD1D7CB0036D2B9;
			productRefGroup = 8EE20F1A1CD1D7CB0036D2B9 /* Products */;
			projectDirPath = "";
			projectRoot = "";
			targets = (
				8EE20F181CD1D7CB0036D2B9 /* Sample-Binding */,
			);
		};
/* End PBXProject section */

/* Begin PBXResourcesBuildPhase section */
		8EE20F171CD1D7CB0036D2B9 /* Resources */ = {
			isa = PBXResourcesBuildPhase;
			buildActionMask = 2147483647;
			files = (
				8EE20F271CD1D7CB0036D2B9 /* LaunchScreen.storyboard in Resources */,
				8EE20F241CD1D7CB0036D2B9 /* Assets.xcassets in Resources */,
				8EE20F221CD1D7CB0036D2B9 /* Main.storyboard in Resources */,
			);
			runOnlyForDeploymentPostprocessing = 0;
		};
/* End PBXResourcesBuildPhase section */

/* Begin PBXSourcesBuildPhase section */
		8EE20F151CD1D7CB0036D2B9 /* Sources */ = {
			isa = PBXSourcesBuildPhase;
			buildActionMask = 2147483647;
			files = (
				8EE20F1F1CD1D7CB0036D2B9 /* ViewController.swift in Sources */,
				8EE20F1D1CD1D7CB0036D2B9 /* AppDelegate.swift in Sources */,
			);
			runOnlyForDeploymentPostprocessing = 0;
		};
/* End PBXSourcesBuildPhase section */

/* Begin PBXVariantGroup section */
		8EE20F201CD1D7CB0036D2B9 /* Main.storyboard */ = {
			isa = PBXVariantGroup;
			children = (
				8EE20F211CD1D7CB0036D2B9 /* Base */,
			);
			name = Main.storyboard;
			sourceTree = "<group>";
		};
		8EE20F251CD1D7CB0036D2B9 /* LaunchScreen.storyboard */ = {
			isa = PBXVariantGroup;
			children = (
				8EE20F261CD1D7CB0036D2B9 /* Base */,
			);
			name = LaunchScreen.storyboard;
			sourceTree = "<group>";
		};
/* End PBXVariantGroup section */

/* Begin XCBuildConfiguration section */
		8EE20F291CD1D7CB0036D2B9 /* Debug */ = {
			isa = XCBuildConfiguration;
			buildSettings = {
				ALWAYS_SEARCH_USER_PATHS = NO;
				CLANG_ANALYZER_NONNULL = YES;
				CLANG_CXX_LANGUAGE_STANDARD = "gnu++0x";
				CLANG_CXX_LIBRARY = "libc++";
				CLANG_ENABLE_MODULES = YES;
				CLANG_ENABLE_OBJC_ARC = YES;
				CLANG_WARN_BOOL_CONVERSION = YES;
				CLANG_WARN_CONSTANT_CONVERSION = YES;
				CLANG_WARN_DIRECT_OBJC_ISA_USAGE = YES_ERROR;
				CLANG_WARN_EMPTY_BODY = YES;
				CLANG_WARN_ENUM_CONVERSION = YES;
				CLANG_WARN_INT_CONVERSION = YES;
				CLANG_WARN_OBJC_ROOT_CLASS = YES_ERROR;
				CLANG_WARN_UNREACHABLE_CODE = YES;
				CLANG_WARN__DUPLICATE_METHOD_MATCH = YES;
				"CODE_SIGN_IDENTITY[sdk=iphoneos*]" = "iPhone Developer";
				COPY_PHASE_STRIP = NO;
				DEBUG_INFORMATION_FORMAT = dwarf;
				ENABLE_STRICT_OBJC_MSGSEND = YES;
				ENABLE_TESTABILITY = YES;
				GCC_C_LANGUAGE_STANDARD = gnu99;
				GCC_DYNAMIC_NO_PIC = NO;
				GCC_NO_COMMON_BLOCKS = YES;
				GCC_OPTIMIZATION_LEVEL = 0;
				GCC_PREPROCESSOR_DEFINITIONS = (
					"DEBUG=1",
					"$(inherited)",
				);
				GCC_WARN_64_TO_32_BIT_CONVERSION = YES;
				GCC_WARN_ABOUT_RETURN_TYPE = YES_ERROR;
				GCC_WARN_UNDECLARED_SELECTOR = YES;
				GCC_WARN_UNINITIALIZED_AUTOS = YES_AGGRESSIVE;
				GCC_WARN_UNUSED_FUNCTION = YES;
				GCC_WARN_UNUSED_VARIABLE = YES;
				IPHONEOS_DEPLOYMENT_TARGET = 9.3;
				MTL_ENABLE_DEBUG_INFO = YES;
				ONLY_ACTIVE_ARCH = YES;
				SDKROOT = iphoneos;
				SWIFT_OPTIMIZATION_LEVEL = "-Onone";
			};
			name = Debug;
		};
		8EE20F2A1CD1D7CB0036D2B9 /* Release */ = {
			isa = XCBuildConfiguration;
			buildSettings = {
				ALWAYS_SEARCH_USER_PATHS = NO;
				CLANG_ANALYZER_NONNULL = YES;
				CLANG_CXX_LANGUAGE_STANDARD = "gnu++0x";
				CLANG_CXX_LIBRARY = "libc++";
				CLANG_ENABLE_MODULES = YES;
				CLANG_ENABLE_OBJC_ARC = YES;
				CLANG_WARN_BOOL_CONVERSION = YES;
				CLANG_WARN_CONSTANT_CONVERSION = YES;
				CLANG_WARN_DIRECT_OBJC_ISA_USAGE = YES_ERROR;
				CLANG_WARN_EMPTY_BODY = YES;
				CLANG_WARN_ENUM_CONVERSION = YES;
				CLANG_WARN_INT_CONVERSION = YES;
				CLANG_WARN_OBJC_ROOT_CLASS = YES_ERROR;
				CLANG_WARN_UNREACHABLE_CODE = YES;
				CLANG_WARN__DUPLICATE_METHOD_MATCH = YES;
				"CODE_SIGN_IDENTITY[sdk=iphoneos*]" = "iPhone Developer";
				COPY_PHASE_STRIP = NO;
				DEBUG_INFORMATION_FORMAT = "dwarf-with-dsym";
				ENABLE_NS_ASSERTIONS = NO;
				ENABLE_STRICT_OBJC_MSGSEND = YES;
				GCC_C_LANGUAGE_STANDARD = gnu99;
				GCC_NO_COMMON_BLOCKS = YES;
				GCC_WARN_64_TO_32_BIT_CONVERSION = YES;
				GCC_WARN_ABOUT_RETURN_TYPE = YES_ERROR;
				GCC_WARN_UNDECLARED_SELECTOR = YES;
				GCC_WARN_UNINITIALIZED_AUTOS = YES_AGGRESSIVE;
				GCC_WARN_UNUSED_FUNCTION = YES;
				GCC_WARN_UNUSED_VARIABLE = YES;
				IPHONEOS_DEPLOYMENT_TARGET = 9.3;
				MTL_ENABLE_DEBUG_INFO = NO;
				SDKROOT = iphoneos;
				VALIDATE_PRODUCT = YES;
			};
			name = Release;
		};
		8EE20F2C1CD1D7CB0036D2B9 /* Debug */ = {
			isa = XCBuildConfiguration;
			buildSettings = {
				ASSETCATALOG_COMPILER_APPICON_NAME = AppIcon;
				INFOPLIST_FILE = "Sample-Binding/Info.plist";
				LD_RUNPATH_SEARCH_PATHS = "$(inherited) @executable_path/Frameworks";
				PRODUCT_BUNDLE_IDENTIFIER = "it.technophile.Sample-Binding";
				PRODUCT_NAME = "$(TARGET_NAME)";
			};
			name = Debug;
		};
		8EE20F2D1CD1D7CB0036D2B9 /* Release */ = {
			isa = XCBuildConfiguration;
			buildSettings = {
				ASSETCATALOG_COMPILER_APPICON_NAME = AppIcon;
				INFOPLIST_FILE = "Sample-Binding/Info.plist";
				LD_RUNPATH_SEARCH_PATHS = "$(inherited) @executable_path/Frameworks";
				PRODUCT_BUNDLE_IDENTIFIER = "it.technophile.Sample-Binding";
				PRODUCT_NAME = "$(TARGET_NAME)";
			};
			name = Release;
		};
/* End XCBuildConfiguration section */

/* Begin XCConfigurationList section */
		8EE20F141CD1D7CB0036D2B9 /* Build configuration list for PBXProject "Sample-Binding" */ = {
			isa = XCConfigurationList;
			buildConfigurations = (
				8EE20F291CD1D7CB0036D2B9 /* Debug */,
				8EE20F2A1CD1D7CB0036D2B9 /* Release */,
			);
			defaultConfigurationIsVisible = 0;
			defaultConfigurationName = Release;
		};
		8EE20F2B1CD1D7CB0036D2B9 /* Build configuration list for PBXNativeTarget "Sample-Binding" */ = {
			isa = XCConfigurationList;
			buildConfigurations = (
				8EE20F2C1CD1D7CB0036D2B9 /* Debug */,
				8EE20F2D1CD1D7CB0036D2B9 /* Release */,
			);
			defaultConfigurationIsVisible = 0;
		};
/* End XCConfigurationList section */
	};
	rootObject = 8EE20F111CD1D7CB0036D2B9 /* Project object */;
}
